
Microsoft Visual Studio Solution File, Format Version 12.00
# Visual Studio Version 16
VisualStudioVersion = 16.0.29001.49
MinimumVisualStudioVersion = 10.0.40219.1
Project("{FAE04EC0-301F-11D3-BF4B-00C04F79EFBC}") = "DemoDay", "DemoDay\DemoDay.csproj", "{C13BA85B-FD88-4931-B882-B24A6B7A1593}"
EndProject
Global
	GlobalSection(SolutionConfigurationPlatforms) = preSolution
		Debug|Any CPU = Debug|Any CPU
		Release|Any CPU = Release|Any CPU
	EndGlobalSection
	GlobalSection(ProjectConfigurationPlatforms) = postSolution
		{C13BA85B-FD88-4931-B882-B24A6B7A1593}.Debug|Any CPU.ActiveCfg = Debug|Any CPU
		{C13BA85B-FD88-4931-B882-B24A6B7A1593}.Debug|Any CPU.Build.0 = Debug|Any CPU
		{C13BA85B-FD88-4931-B882-B24A6B7A1593}.Release|Any CPU.ActiveCfg = Release|Any CPU
		{C13BA85B-FD88-4931-B882-B24A6B7A1593}.Release|Any CPU.Build.0 = Release|Any CPU
	EndGlobalSection
	GlobalSection(SolutionProperties) = preSolution
		HideSolutionNode = FALSE
	EndGlobalSection
	GlobalSection(ExtensibilityGlobals) = postSolution
		SolutionGuid = {8460E0DE-4A43-4CCF-8ED2-5D6A9FD16571}
	EndGlobalSection
EndGlobal
